
Microsoft Visual Studio Solution File, Format Version 12.00
# Visual Studio Version 16
VisualStudioVersion = 16.0.31702.278
MinimumVisualStudioVersion = 10.0.40219.1
Project("{2150E333-8FDC-42A3-9474-1A3956D46DE8}") = "Services", "Services", "{842A3A03-583D-469F-8E45-9F66FB2D662F}"
EndProject
Project("{2150E333-8FDC-42A3-9474-1A3956D46DE8}") = "Catalog", "Catalog", "{D30E69F3-83CA-4902-8D33-43FDBCFE397C}"
EndProject
Project("{9A19103F-16F7-4668-BE54-9A1E7A4F7556}") = "Catalog.Api", "Services\Catalog\Catalog.Api\Catalog.Api.csproj", "{7E86FC04-A49C-4824-BE62-5222EE09A796}"
EndProject
Project("{E53339B2-1760-4266-BCC7-CA923CBCF16C}") = "docker-compose", "docker-compose.dcproj", "{1E742EF6-A606-4E43-8A51-B02901DEF0E4}"
EndProject
Global
	GlobalSection(SolutionConfigurationPlatforms) = preSolution
		Debug|Any CPU = Debug|Any CPU
		Release|Any CPU = Release|Any CPU
	EndGlobalSection
	GlobalSection(ProjectConfigurationPlatforms) = postSolution
		{7E86FC04-A49C-4824-BE62-5222EE09A796}.Debug|Any CPU.ActiveCfg = Debug|Any CPU
		{7E86FC04-A49C-4824-BE62-5222EE09A796}.Debug|Any CPU.Build.0 = Debug|Any CPU
		{7E86FC04-A49C-4824-BE62-5222EE09A796}.Release|Any CPU.ActiveCfg = Release|Any CPU
		{7E86FC04-A49C-4824-BE62-5222EE09A796}.Release|Any CPU.Build.0 = Release|Any CPU
		{1E742EF6-A606-4E43-8A51-B02901DEF0E4}.Debug|Any CPU.ActiveCfg = Debug|Any CPU
		{1E742EF6-A606-4E43-8A51-B02901DEF0E4}.Debug|Any CPU.Build.0 = Debug|Any CPU
		{1E742EF6-A606-4E43-8A51-B02901DEF0E4}.Release|Any CPU.ActiveCfg = Release|Any CPU
		{1E742EF6-A606-4E43-8A51-B02901DEF0E4}.Release|Any CPU.Build.0 = Release|Any CPU
	EndGlobalSection
	GlobalSection(SolutionProperties) = preSolution
		HideSolutionNode = FALSE
	EndGlobalSection
	GlobalSection(NestedProjects) = preSolution
		{D30E69F3-83CA-4902-8D33-43FDBCFE397C} = {842A3A03-583D-469F-8E45-9F66FB2D662F}
		{7E86FC04-A49C-4824-BE62-5222EE09A796} = {D30E69F3-83CA-4902-8D33-43FDBCFE397C}
	EndGlobalSection
	GlobalSection(ExtensibilityGlobals) = postSolution
		SolutionGuid = {A4E42581-6620-4B1A-ADC2-E54204BA1067}
	EndGlobalSection
EndGlobal
